
Microsoft Visual Studio Solution File, Format Version 12.00
# Visual Studio Version 17
VisualStudioVersion = 17.9.34728.123
MinimumVisualStudioVersion = 10.0.40219.1
Project("{FAE04EC0-301F-11D3-BF4B-00C04F79EFBC}") = "Foodie", "Foodie\Foodie.csproj", "{9E97E296-3014-4B6A-BB91-D645560C42B2}"
EndProject
Global
	GlobalSection(SolutionConfigurationPlatforms) = preSolution
		Debug|Any CPU = Debug|Any CPU
		Release|Any CPU = Release|Any CPU
	EndGlobalSection
	GlobalSection(ProjectConfigurationPlatforms) = postSolution
		{9E97E296-3014-4B6A-BB91-D645560C42B2}.Debug|Any CPU.ActiveCfg = Debug|Any CPU
		{9E97E296-3014-4B6A-BB91-D645560C42B2}.Debug|Any CPU.Build.0 = Debug|Any CPU
		{9E97E296-3014-4B6A-BB91-D645560C42B2}.Release|Any CPU.ActiveCfg = Release|Any CPU
		{9E97E296-3014-4B6A-BB91-D645560C42B2}.Release|Any CPU.Build.0 = Release|Any CPU
	EndGlobalSection
	GlobalSection(SolutionProperties) = preSolution
		HideSolutionNode = FALSE
	EndGlobalSection
	GlobalSection(ExtensibilityGlobals) = postSolution
		SolutionGuid = {C8262135-56BE-41CA-8D59-3829AC376CB6}
	EndGlobalSection
EndGlobal
